# THIS IS AN AUTOGENERATED FILE. DO NOT EDIT THIS FILE DIRECTLY.
# yarn lockfile v1


"@next/env@12.1.4":
  "integrity" "sha512-7gQwotJDKnfMxxXd8xJ2vsX5AzyDxO3zou0+QOXX8/unypA6icw5+wf6A62yKZ6qQ4UZHHxS68pb6UV+wNneXg=="
  "resolved" "https://registry.npmjs.org/@next/env/-/env-12.1.4.tgz"
  "version" "12.1.4"

"@next/swc-darwin-x64@12.1.4":
  "integrity" "sha512-p1lwdX0TVjaoDXQVuAkjtxVBbCL/urgxiMCBwuPDO7TikpXtSRivi+mIzBj5q7ypgICFmIAOW3TyupXeoPRAnA=="
  "resolved" "https://registry.npmjs.org/@next/swc-darwin-x64/-/swc-darwin-x64-12.1.4.tgz"
  "version" "12.1.4"

"@types/node@>=8.0.0 <15":
  "integrity" "sha512-X3bUMdK/VmvrWdoTkz+VCn6nwKwrKCFTHtqwBIaQJNx4RUIBBUFXM00bqPz/DsDd+Icjmzm6/tyYZzeGVqb6/Q=="
  "resolved" "https://registry.npmjs.org/@types/node/-/node-14.18.16.tgz"
  "version" "14.18.16"

"abort-controller@^3.0.0":
  "integrity" "sha512-h8lQ8tacZYnR3vNQTgibj+tODHI5/+l06Au2Pcriv/Gmet0eaj4TwWH41sO9wnHDiQsEj19q0drzdWdeAHtweg=="
  "resolved" "https://registry.npmjs.org/abort-controller/-/abort-controller-3.0.0.tgz"
  "version" "3.0.0"
  dependencies:
    "event-target-shim" "^5.0.0"

"abortcontroller-polyfill@^1.4.0":
  "integrity" "sha512-zetDJxd89y3X99Kvo4qFx8GKlt6GsvN3UcRZHwU6iFA/0KiOmhkTVhe8oRoTBiTVPZu09x3vCra47+w8Yz1+2Q=="
  "resolved" "https://registry.npmjs.org/abortcontroller-polyfill/-/abortcontroller-polyfill-1.7.3.tgz"
  "version" "1.7.3"

"airtable@^0.11.3":
  "integrity" "sha512-fPT0SdipmJU1eQNe+sJshvnb87HcZ2rPS7gJuryDAF9xDbfbxB8AmYQSuC1f0PIbLyPPpSWBuEewf4UJ9i3rJw=="
  "resolved" "https://registry.npmjs.org/airtable/-/airtable-0.11.3.tgz"
  "version" "0.11.3"
  dependencies:
    "@types/node" ">=8.0.0 <15"
    "abort-controller" "^3.0.0"
    "abortcontroller-polyfill" "^1.4.0"
    "lodash" "^4.17.21"
    "node-fetch" "^2.6.7"

"caniuse-lite@^1.0.30001283":
  "integrity" "sha512-1/Cg4jlD9qjZzhbzkzEaAC2JHsP0WrOc8Rd/3a3LuajGzGWR/hD7TVyvq99VqmTy99eVh8Zkmdq213OgvgXx7w=="
  "resolved" "https://registry.npmjs.org/caniuse-lite/-/caniuse-lite-1.0.30001327.tgz"
  "version" "1.0.30001327"

"event-target-shim@^5.0.0":
  "integrity" "sha512-i/2XbnSz/uxRCU6+NdVJgKWDTM427+MqYbkQzD321DuCQJUqOuJKIA0IM2+W2xtYHdKOmZ4dR6fExsd4SXL+WQ=="
  "resolved" "https://registry.npmjs.org/event-target-shim/-/event-target-shim-5.0.1.tgz"
  "version" "5.0.1"

"js-tokens@^3.0.0 || ^4.0.0":
  "integrity" "sha512-RdJUflcE3cUzKiMqQgsCu06FPu9UdIJO0beYbPhHN4k6apgJtifcoCtT9bcxOpYBtpD2kCM6Sbzg4CausW/PKQ=="
  "resolved" "https://registry.npmjs.org/js-tokens/-/js-tokens-4.0.0.tgz"
  "version" "4.0.0"

"lodash@^4.17.21":
  "integrity" "sha512-v2kDEe57lecTulaDIuNTPy3Ry4gLGJ6Z1O3vE1krgXZNrsQ+LFTGHVxVjcXPs17LhbZVGedAJv8XZ1tvj5FvSg=="
  "resolved" "https://registry.npmjs.org/lodash/-/lodash-4.17.21.tgz"
  "version" "4.17.21"

"loose-envify@^1.1.0":
  "integrity" "sha512-lyuxPGr/Wfhrlem2CL/UcnUc1zcqKAImBDzukY7Y5F/yQiNdko6+fRLevlw1HgMySw7f611UIY408EtxRSoK3Q=="
  "resolved" "https://registry.npmjs.org/loose-envify/-/loose-envify-1.4.0.tgz"
  "version" "1.4.0"
  dependencies:
    "js-tokens" "^3.0.0 || ^4.0.0"

"nanoid@^3.1.30":
  "integrity" "sha512-CuHBogktKwpm5g2sRgv83jEy2ijFzBwMoYA60orPDR7ynsLijJDqgsi4RDGj3OJpy3Ieb+LYwiRmIOGyytgITA=="
  "resolved" "https://registry.npmjs.org/nanoid/-/nanoid-3.3.2.tgz"
  "version" "3.3.2"

"next@12.1.4":
  "integrity" "sha512-DA4g97BM4Z0nKtDvCTm58RxdvoQyYzeg0AeVbh0N4Y/D8ELrNu47lQeEgRGF8hV4eQ+Sal90zxrJQQG/mPQ8CQ=="
  "resolved" "https://registry.npmjs.org/next/-/next-12.1.4.tgz"
  "version" "12.1.4"
  dependencies:
    "@next/env" "12.1.4"
    "caniuse-lite" "^1.0.30001283"
    "postcss" "8.4.5"
    "styled-jsx" "5.0.1"
  optionalDependencies:
    "@next/swc-android-arm-eabi" "12.1.4"
    "@next/swc-android-arm64" "12.1.4"
    "@next/swc-darwin-arm64" "12.1.4"
    "@next/swc-darwin-x64" "12.1.4"
    "@next/swc-linux-arm-gnueabihf" "12.1.4"
    "@next/swc-linux-arm64-gnu" "12.1.4"
    "@next/swc-linux-arm64-musl" "12.1.4"
    "@next/swc-linux-x64-gnu" "12.1.4"
    "@next/swc-linux-x64-musl" "12.1.4"
    "@next/swc-win32-arm64-msvc" "12.1.4"
    "@next/swc-win32-ia32-msvc" "12.1.4"
    "@next/swc-win32-x64-msvc" "12.1.4"

"node-fetch@^2.6.7":
  "integrity" "sha512-ZjMPFEfVx5j+y2yF35Kzx5sF7kDzxuDj6ziH4FFbOp87zKDZNx8yExJIb05OGF4Nlt9IHFIMBkRl41VdvcNdbQ=="
  "resolved" "https://registry.npmjs.org/node-fetch/-/node-fetch-2.6.7.tgz"
  "version" "2.6.7"
  dependencies:
    "whatwg-url" "^5.0.0"

"picocolors@^1.0.0":
  "integrity" "sha512-1fygroTLlHu66zi26VoTDv8yRgm0Fccecssto+MhsZ0D/DGW2sm8E8AjW7NU5VVTRt5GxbeZ5qBuJr+HyLYkjQ=="
  "resolved" "https://registry.npmjs.org/picocolors/-/picocolors-1.0.0.tgz"
  "version" "1.0.0"

"postcss@8.4.5":
  "integrity" "sha512-jBDboWM8qpaqwkMwItqTQTiFikhs/67OYVvblFFTM7MrZjt6yMKd6r2kgXizEbTTljacm4NldIlZnhbjr84QYg=="
  "resolved" "https://registry.npmjs.org/postcss/-/postcss-8.4.5.tgz"
  "version" "8.4.5"
  dependencies:
    "nanoid" "^3.1.30"
    "picocolors" "^1.0.0"
    "source-map-js" "^1.0.1"

"react-dom@^17.0.2 || ^18.0.0-0", "react-dom@18.0.0":
  "integrity" "sha512-XqX7uzmFo0pUceWFCt7Gff6IyIMzFUn7QMZrbrQfGxtaxXZIcGQzoNpRLE3fQLnS4XzLLPMZX2T9TRcSrasicw=="
  "resolved" "https://registry.npmjs.org/react-dom/-/react-dom-18.0.0.tgz"
  "version" "18.0.0"
  dependencies:
    "loose-envify" "^1.1.0"
    "scheduler" "^0.21.0"

"react@^17.0.2 || ^18.0.0-0", "react@^18.0.0", "react@>= 16.8.0 || 17.x.x || ^18.0.0-0", "react@18.0.0":
  "integrity" "sha512-x+VL6wbT4JRVPm7EGxXhZ8w8LTROaxPXOqhlGyVSrv0sB1jkyFGgXxJ8LVoPRLvPR6/CIZGFmfzqUa2NYeMr2A=="
  "resolved" "https://registry.npmjs.org/react/-/react-18.0.0.tgz"
  "version" "18.0.0"
  dependencies:
    "loose-envify" "^1.1.0"

"scheduler@^0.21.0":
  "integrity" "sha512-1r87x5fz9MXqswA2ERLo0EbOAU74DpIUO090gIasYTqlVoJeMcl+Z1Rg7WHz+qtPujhS/hGIt9kxZOYBV3faRQ=="
  "resolved" "https://registry.npmjs.org/scheduler/-/scheduler-0.21.0.tgz"
  "version" "0.21.0"
  dependencies:
    "loose-envify" "^1.1.0"

"source-map-js@^1.0.1":
  "integrity" "sha512-R0XvVJ9WusLiqTCEiGCmICCMplcCkIwwR11mOSD9CR5u+IXYdiseeEuXCVAjS54zqwkLcPNnmU4OeJ6tUrWhDw=="
  "resolved" "https://registry.npmjs.org/source-map-js/-/source-map-js-1.0.2.tgz"
  "version" "1.0.2"

"styled-jsx@5.0.1":
  "integrity" "sha512-+PIZ/6Uk40mphiQJJI1202b+/dYeTVd9ZnMPR80pgiWbjIwvN2zIp4r9et0BgqBuShh48I0gttPlAXA7WVvBxw=="
  "resolved" "https://registry.npmjs.org/styled-jsx/-/styled-jsx-5.0.1.tgz"
  "version" "5.0.1"

"tr46@~0.0.3":
  "integrity" "sha1-gYT9NH2snNwYWZLzpmIuFLnZq2o="
  "resolved" "https://registry.npmjs.org/tr46/-/tr46-0.0.3.tgz"
  "version" "0.0.3"

"webidl-conversions@^3.0.0":
  "integrity" "sha1-JFNCdeKnvGvnvIZhHMFq4KVlSHE="
  "resolved" "https://registry.npmjs.org/webidl-conversions/-/webidl-conversions-3.0.1.tgz"
  "version" "3.0.1"

"whatwg-url@^5.0.0":
  "integrity" "sha1-lmRU6HZUYuN2RNNib2dCzotwll0="
  "resolved" "https://registry.npmjs.org/whatwg-url/-/whatwg-url-5.0.0.tgz"
  "version" "5.0.0"
  dependencies:
    "tr46" "~0.0.3"
    "webidl-conversions" "^3.0.0"
